
Microsoft Visual Studio Solution File, Format Version 12.00
# Visual Studio Version 17
VisualStudioVersion = 17.3.32901.215
MinimumVisualStudioVersion = 10.0.40219.1
Project("{FAE04EC0-301F-11D3-BF4B-00C04F79EFBC}") = "Task5", "ConsoleApp1\Task5.csproj", "{4052C404-4112-485E-BF1E-DA17859A362E}"
EndProject
Project("{FAE04EC0-301F-11D3-BF4B-00C04F79EFBC}") = "Task6", "Task6\Task6.csproj", "{DE7BB976-06C5-491D-8878-783F6EFD61A1}"
EndProject
Project("{FAE04EC0-301F-11D3-BF4B-00C04F79EFBC}") = "Task7", "Task7\Task7.csproj", "{62E6D70F-08AB-45D4-9B90-FBBE158850FC}"
EndProject
Project("{FAE04EC0-301F-11D3-BF4B-00C04F79EFBC}") = "Task8", "Task8\Task8.csproj", "{9CF8B0C7-139B-427B-8349-C27128A38562}"
EndProject
Project("{FAE04EC0-301F-11D3-BF4B-00C04F79EFBC}") = "Task9", "Task9\Task9.csproj", "{096C8356-AC82-4FE2-B2C3-67212639C988}"
EndProject
Project("{FAE04EC0-301F-11D3-BF4B-00C04F79EFBC}") = "Task10", "Task10\Task10.csproj", "{E9BDDC48-4958-40EC-BD36-FAB680EE3B16}"
EndProject
Project("{FAE04EC0-301F-11D3-BF4B-00C04F79EFBC}") = "Task11", "Task11\Task11.csproj", "{22870DCD-CA15-4952-83B8-6FC9D237FCA0}"
EndProject
Project("{FAE04EC0-301F-11D3-BF4B-00C04F79EFBC}") = "Task12", "Task12\Task12.csproj", "{2FE6AB2F-6D9E-4019-BA4E-855EB0F975D6}"
EndProject
Project("{FAE04EC0-301F-11D3-BF4B-00C04F79EFBC}") = "Task13", "Task13\Task13.csproj", "{05ABD4F1-8301-4D6F-A391-AD0880FEB283}"
EndProject
Project("{FAE04EC0-301F-11D3-BF4B-00C04F79EFBC}") = "Task14", "Task14\Task14.csproj", "{AF816A64-3535-4A23-833A-91D2DA02A155}"
EndProject
Project("{FAE04EC0-301F-11D3-BF4B-00C04F79EFBC}") = "Task15", "Task15\Task15.csproj", "{21D2FC5B-F1EA-414C-A163-A6AD91F549EC}"
EndProject
Project("{FAE04EC0-301F-11D3-BF4B-00C04F79EFBC}") = "Task16", "Task16\Task16.csproj", "{CB0002D1-4FAE-4BF4-8C8D-3A23343AFC82}"
EndProject
Project("{FAE04EC0-301F-11D3-BF4B-00C04F79EFBC}") = "Task17", "Task17\Task17.csproj", "{ED945049-7F80-47A6-9782-CC6B15879174}"
EndProject
Global
	GlobalSection(SolutionConfigurationPlatforms) = preSolution
		Debug|Any CPU = Debug|Any CPU
		Release|Any CPU = Release|Any CPU
	EndGlobalSection
	GlobalSection(ProjectConfigurationPlatforms) = postSolution
		{4052C404-4112-485E-BF1E-DA17859A362E}.Debug|Any CPU.ActiveCfg = Debug|Any CPU
		{4052C404-4112-485E-BF1E-DA17859A362E}.Debug|Any CPU.Build.0 = Debug|Any CPU
		{4052C404-4112-485E-BF1E-DA17859A362E}.Release|Any CPU.ActiveCfg = Release|Any CPU
		{4052C404-4112-485E-BF1E-DA17859A362E}.Release|Any CPU.Build.0 = Release|Any CPU
		{DE7BB976-06C5-491D-8878-783F6EFD61A1}.Debug|Any CPU.ActiveCfg = Debug|Any CPU
		{DE7BB976-06C5-491D-8878-783F6EFD61A1}.Debug|Any CPU.Build.0 = Debug|Any CPU
		{DE7BB976-06C5-491D-8878-783F6EFD61A1}.Release|Any CPU.ActiveCfg = Release|Any CPU
		{DE7BB976-06C5-491D-8878-783F6EFD61A1}.Release|Any CPU.Build.0 = Release|Any CPU
		{62E6D70F-08AB-45D4-9B90-FBBE158850FC}.Debug|Any CPU.ActiveCfg = Debug|Any CPU
		{62E6D70F-08AB-45D4-9B90-FBBE158850FC}.Debug|Any CPU.Build.0 = Debug|Any CPU
		{62E6D70F-08AB-45D4-9B90-FBBE158850FC}.Release|Any CPU.ActiveCfg = Release|Any CPU
		{62E6D70F-08AB-45D4-9B90-FBBE158850FC}.Release|Any CPU.Build.0 = Release|Any CPU
		{9CF8B0C7-139B-427B-8349-C27128A38562}.Debug|Any CPU.ActiveCfg = Debug|Any CPU
		{9CF8B0C7-139B-427B-8349-C27128A38562}.Debug|Any CPU.Build.0 = Debug|Any CPU
		{9CF8B0C7-139B-427B-8349-C27128A38562}.Release|Any CPU.ActiveCfg = Release|Any CPU
		{9CF8B0C7-139B-427B-8349-C27128A38562}.Release|Any CPU.Build.0 = Release|Any CPU
		{096C8356-AC82-4FE2-B2C3-67212639C988}.Debug|Any CPU.ActiveCfg = Debug|Any CPU
		{096C8356-AC82-4FE2-B2C3-67212639C988}.Debug|Any CPU.Build.0 = Debug|Any CPU
		{096C8356-AC82-4FE2-B2C3-67212639C988}.Release|Any CPU.ActiveCfg = Release|Any CPU
		{096C8356-AC82-4FE2-B2C3-67212639C988}.Release|Any CPU.Build.0 = Release|Any CPU
		{E9BDDC48-4958-40EC-BD36-FAB680EE3B16}.Debug|Any CPU.ActiveCfg = Debug|Any CPU
		{E9BDDC48-4958-40EC-BD36-FAB680EE3B16}.Debug|Any CPU.Build.0 = Debug|Any CPU
		{E9BDDC48-4958-40EC-BD36-FAB680EE3B16}.Release|Any CPU.ActiveCfg = Release|Any CPU
		{E9BDDC48-4958-40EC-BD36-FAB680EE3B16}.Release|Any CPU.Build.0 = Release|Any CPU
		{22870DCD-CA15-4952-83B8-6FC9D237FCA0}.Debug|Any CPU.ActiveCfg = Debug|Any CPU
		{22870DCD-CA15-4952-83B8-6FC9D237FCA0}.Debug|Any CPU.Build.0 = Debug|Any CPU
		{22870DCD-CA15-4952-83B8-6FC9D237FCA0}.Release|Any CPU.ActiveCfg = Release|Any CPU
		{22870DCD-CA15-4952-83B8-6FC9D237FCA0}.Release|Any CPU.Build.0 = Release|Any CPU
		{2FE6AB2F-6D9E-4019-BA4E-855EB0F975D6}.Debug|Any CPU.ActiveCfg = Debug|Any CPU
		{2FE6AB2F-6D9E-4019-BA4E-855EB0F975D6}.Debug|Any CPU.Build.0 = Debug|Any CPU
		{2FE6AB2F-6D9E-4019-BA4E-855EB0F975D6}.Release|Any CPU.ActiveCfg = Release|Any CPU
		{2FE6AB2F-6D9E-4019-BA4E-855EB0F975D6}.Release|Any CPU.Build.0 = Release|Any CPU
		{05ABD4F1-8301-4D6F-A391-AD0880FEB283}.Debug|Any CPU.ActiveCfg = Debug|Any CPU
		{05ABD4F1-8301-4D6F-A391-AD0880FEB283}.Debug|Any CPU.Build.0 = Debug|Any CPU
		{05ABD4F1-8301-4D6F-A391-AD0880FEB283}.Release|Any CPU.ActiveCfg = Release|Any CPU
		{05ABD4F1-8301-4D6F-A391-AD0880FEB283}.Release|Any CPU.Build.0 = Release|Any CPU
		{AF816A64-3535-4A23-833A-91D2DA02A155}.Debug|Any CPU.ActiveCfg = Debug|Any CPU
		{AF816A64-3535-4A23-833A-91D2DA02A155}.Debug|Any CPU.Build.0 = Debug|Any CPU
		{AF816A64-3535-4A23-833A-91D2DA02A155}.Release|Any CPU.ActiveCfg = Release|Any CPU
		{AF816A64-3535-4A23-833A-91D2DA02A155}.Release|Any CPU.Build.0 = Release|Any CPU
		{21D2FC5B-F1EA-414C-A163-A6AD91F549EC}.Debug|Any CPU.ActiveCfg = Debug|Any CPU
		{21D2FC5B-F1EA-414C-A163-A6AD91F549EC}.Debug|Any CPU.Build.0 = Debug|Any CPU
		{21D2FC5B-F1EA-414C-A163-A6AD91F549EC}.Release|Any CPU.ActiveCfg = Release|Any CPU
		{21D2FC5B-F1EA-414C-A163-A6AD91F549EC}.Release|Any CPU.Build.0 = Release|Any CPU
		{CB0002D1-4FAE-4BF4-8C8D-3A23343AFC82}.Debug|Any CPU.ActiveCfg = Debug|Any CPU
		{CB0002D1-4FAE-4BF4-8C8D-3A23343AFC82}.Debug|Any CPU.Build.0 = Debug|Any CPU
		{CB0002D1-4FAE-4BF4-8C8D-3A23343AFC82}.Release|Any CPU.ActiveCfg = Release|Any CPU
		{CB0002D1-4FAE-4BF4-8C8D-3A23343AFC82}.Release|Any CPU.Build.0 = Release|Any CPU
		{ED945049-7F80-47A6-9782-CC6B15879174}.Debug|Any CPU.ActiveCfg = Debug|Any CPU
		{ED945049-7F80-47A6-9782-CC6B15879174}.Debug|Any CPU.Build.0 = Debug|Any CPU
		{ED945049-7F80-47A6-9782-CC6B15879174}.Release|Any CPU.ActiveCfg = Release|Any CPU
		{ED945049-7F80-47A6-9782-CC6B15879174}.Release|Any CPU.Build.0 = Release|Any CPU
	EndGlobalSection
	GlobalSection(SolutionProperties) = preSolution
		HideSolutionNode = FALSE
	EndGlobalSection
	GlobalSection(ExtensibilityGlobals) = postSolution
		SolutionGuid = {0CF623CC-83FA-45F6-8594-AD8173FB6AC8}
	EndGlobalSection
EndGlobal
